// !$*UTF8*$!
{
	archiveVersion = 1;
	classes = {
	};
	objectVersion = 46;
	objects = {

/* Begin PBXBuildFile section */
		D702AF821DF5EACE00874357 /* AppDelegate.swift in Sources */ = {isa = PBXBuildFile; fileRef = D702AF811DF5EACE00874357 /* AppDelegate.swift */; };
		D702AF841DF5EACE00874357 /* MapViewController.swift in Sources */ = {isa = PBXBuildFile; fileRef = D702AF831DF5EACE00874357 /* MapViewController.swift */; };
		D702AF861DF5EACE00874357 /* ListViewController.swift in Sources */ = {isa = PBXBuildFile; fileRef = D702AF851DF5EACE00874357 /* ListViewController.swift */; };
		D702AF891DF5EACE00874357 /* Main.storyboard in Resources */ = {isa = PBXBuildFile; fileRef = D702AF871DF5EACE00874357 /* Main.storyboard */; };
		D702AF8B1DF5EACE00874357 /* Assets.xcassets in Resources */ = {isa = PBXBuildFile; fileRef = D702AF8A1DF5EACE00874357 /* Assets.xcassets */; };
		D702AF8E1DF5EACE00874357 /* LaunchScreen.storyboard in Resources */ = {isa = PBXBuildFile; fileRef = D702AF8C1DF5EACE00874357 /* LaunchScreen.storyboard */; };
		D702AF9D1DF730C400874357 /* ParseConstants.swift in Sources */ = {isa = PBXBuildFile; fileRef = D702AF9C1DF730C400874357 /* ParseConstants.swift */; };
		D702AF9F1DF7312F00874357 /* ParseClient.swift in Sources */ = {isa = PBXBuildFile; fileRef = D702AF9E1DF7312F00874357 /* ParseClient.swift */; };
		D702AFA11DF73D4700874357 /* StudentInformation.swift in Sources */ = {isa = PBXBuildFile; fileRef = D702AFA01DF73D4700874357 /* StudentInformation.swift */; };
		D702AFA31DF75A2000874357 /* LoginViewController.swift in Sources */ = {isa = PBXBuildFile; fileRef = D702AFA21DF75A2000874357 /* LoginViewController.swift */; };
		D702AFB01DF766BD00874357 /* Icon-40.png in Resources */ = {isa = PBXBuildFile; fileRef = D702AFA41DF766BD00874357 /* Icon-40.png */; };
		D702AFB11DF766BD00874357 /* Icon-40@2x.png in Resources */ = {isa = PBXBuildFile; fileRef = D702AFA51DF766BD00874357 /* Icon-40@2x.png */; };
		D702AFB21DF766BD00874357 /* Icon-40@3x.png in Resources */ = {isa = PBXBuildFile; fileRef = D702AFA61DF766BD00874357 /* Icon-40@3x.png */; };
		D702AFB31DF766BD00874357 /* Icon-60@2x.png in Resources */ = {isa = PBXBuildFile; fileRef = D702AFA71DF766BD00874357 /* Icon-60@2x.png */; };
		D702AFB41DF766BD00874357 /* Icon-60@3x.png in Resources */ = {isa = PBXBuildFile; fileRef = D702AFA81DF766BD00874357 /* Icon-60@3x.png */; };
		D702AFB51DF766BD00874357 /* Icon-76.png in Resources */ = {isa = PBXBuildFile; fileRef = D702AFA91DF766BD00874357 /* Icon-76.png */; };
		D702AFB61DF766BD00874357 /* Icon-76@2x.png in Resources */ = {isa = PBXBuildFile; fileRef = D702AFAA1DF766BD00874357 /* Icon-76@2x.png */; };
		D702AFB71DF766BD00874357 /* Icon-83.5@2x.png in Resources */ = {isa = PBXBuildFile; fileRef = D702AFAB1DF766BD00874357 /* Icon-83.5@2x.png */; };
		D702AFB81DF766BD00874357 /* Icon-Small.png in Resources */ = {isa = PBXBuildFile; fileRef = D702AFAC1DF766BD00874357 /* Icon-Small.png */; };
		D702AFB91DF766BD00874357 /* Icon-Small@2x.png in Resources */ = {isa = PBXBuildFile; fileRef = D702AFAD1DF766BD00874357 /* Icon-Small@2x.png */; };
		D702AFBA1DF766BD00874357 /* Icon-Small@3x.png in Resources */ = {isa = PBXBuildFile; fileRef = D702AFAE1DF766BD00874357 /* Icon-Small@3x.png */; };
		D702AFBB1DF766BD00874357 /* Contents.json in Resources */ = {isa = PBXBuildFile; fileRef = D702AFAF1DF766BD00874357 /* Contents.json */; };
		D7BC088C1DF7A3D200755E0C /* UdacityConstants.swift in Sources */ = {isa = PBXBuildFile; fileRef = D7BC088B1DF7A3D200755E0C /* UdacityConstants.swift */; };
		D7BC088E1DF7A4F600755E0C /* UdacityClient.swift in Sources */ = {isa = PBXBuildFile; fileRef = D7BC088D1DF7A4F600755E0C /* UdacityClient.swift */; };
		D7EFDBC81E32D77A00073EEC /* LinkPostingViewController.swift in Sources */ = {isa = PBXBuildFile; fileRef = D7EFDBC71E32D77A00073EEC /* LinkPostingViewController.swift */; };
		D7FBC69B1E030B1800CE15C0 /* notifyUser.swift in Sources */ = {isa = PBXBuildFile; fileRef = D7FBC69A1E030B1800CE15C0 /* notifyUser.swift */; };
		D7FBC69D1E04C3C100CE15C0 /* README.md in Resources */ = {isa = PBXBuildFile; fileRef = D7FBC69C1E04C3C100CE15C0 /* README.md */; };
		D7FBC69F1E148C9D00CE15C0 /* InformationViewController.swift in Sources */ = {isa = PBXBuildFile; fileRef = D7FBC69E1E148C9D00CE15C0 /* InformationViewController.swift */; };
/* End PBXBuildFile section */

/* Begin PBXFileReference section */
		D702AF7E1DF5EACE00874357 /* OnTheMap.app */ = {isa = PBXFileReference; explicitFileType = wrapper.application; includeInIndex = 0; path = OnTheMap.app; sourceTree = BUILT_PRODUCTS_DIR; };
		D702AF811DF5EACE00874357 /* AppDelegate.swift */ = {isa = PBXFileReference; lastKnownFileType = sourcecode.swift; path = AppDelegate.swift; sourceTree = "<group>"; };
		D702AF831DF5EACE00874357 /* MapViewController.swift */ = {isa = PBXFileReference; lastKnownFileType = sourcecode.swift; path = MapViewController.swift; sourceTree = "<group>"; };
		D702AF851DF5EACE00874357 /* ListViewController.swift */ = {isa = PBXFileReference; lastKnownFileType = sourcecode.swift; path = ListViewController.swift; sourceTree = "<group>"; };
		D702AF881DF5EACE00874357 /* Base */ = {isa = PBXFileReference; lastKnownFileType = file.storyboard; name = Base; path = Base.lproj/Main.storyboard; sourceTree = "<group>"; };
		D702AF8A1DF5EACE00874357 /* Assets.xcassets */ = {isa = PBXFileReference; lastKnownFileType = folder.assetcatalog; path = Assets.xcassets; sourceTree = "<group>"; };
		D702AF8D1DF5EACE00874357 /* Base */ = {isa = PBXFileReference; lastKnownFileType = file.storyboard; name = Base; path = Base.lproj/LaunchScreen.storyboard; sourceTree = "<group>"; };
		D702AF8F1DF5EACE00874357 /* Info.plist */ = {isa = PBXFileReference; lastKnownFileType = text.plist.xml; path = Info.plist; sourceTree = "<group>"; };
		D702AF9C1DF730C400874357 /* ParseConstants.swift */ = {isa = PBXFileReference; fileEncoding = 4; lastKnownFileType = sourcecode.swift; path = ParseConstants.swift; sourceTree = "<group>"; };
		D702AF9E1DF7312F00874357 /* ParseClient.swift */ = {isa = PBXFileReference; fileEncoding = 4; lastKnownFileType = sourcecode.swift; path = ParseClient.swift; sourceTree = "<group>"; };
		D702AFA01DF73D4700874357 /* StudentInformation.swift */ = {isa = PBXFileReference; fileEncoding = 4; lastKnownFileType = sourcecode.swift; path = StudentInformation.swift; sourceTree = "<group>"; };
		D702AFA21DF75A2000874357 /* LoginViewController.swift */ = {isa = PBXFileReference; fileEncoding = 4; lastKnownFileType = sourcecode.swift; path = LoginViewController.swift; sourceTree = "<group>"; };
		D702AFA41DF766BD00874357 /* Icon-40.png */ = {isa = PBXFileReference; lastKnownFileType = image.png; path = "Icon-40.png"; sourceTree = "<group>"; };
		D702AFA51DF766BD00874357 /* Icon-40@2x.png */ = {isa = PBXFileReference; lastKnownFileType = image.png; path = "Icon-40@2x.png"; sourceTree = "<group>"; };
		D702AFA61DF766BD00874357 /* Icon-40@3x.png */ = {isa = PBXFileReference; lastKnownFileType = image.png; path = "Icon-40@3x.png"; sourceTree = "<group>"; };
		D702AFA71DF766BD00874357 /* Icon-60@2x.png */ = {isa = PBXFileReference; lastKnownFileType = image.png; path = "Icon-60@2x.png"; sourceTree = "<group>"; };
		D702AFA81DF766BD00874357 /* Icon-60@3x.png */ = {isa = PBXFileReference; lastKnownFileType = image.png; path = "Icon-60@3x.png"; sourceTree = "<group>"; };
		D702AFA91DF766BD00874357 /* Icon-76.png */ = {isa = PBXFileReference; lastKnownFileType = image.png; path = "Icon-76.png"; sourceTree = "<group>"; };
		D702AFAA1DF766BD00874357 /* Icon-76@2x.png */ = {isa = PBXFileReference; lastKnownFileType = image.png; path = "Icon-76@2x.png"; sourceTree = "<group>"; };
		D702AFAB1DF766BD00874357 /* Icon-83.5@2x.png */ = {isa = PBXFileReference; lastKnownFileType = image.png; path = "Icon-83.5@2x.png"; sourceTree = "<group>"; };
		D702AFAC1DF766BD00874357 /* Icon-Small.png */ = {isa = PBXFileReference; lastKnownFileType = image.png; path = "Icon-Small.png"; sourceTree = "<group>"; };
		D702AFAD1DF766BD00874357 /* Icon-Small@2x.png */ = {isa = PBXFileReference; lastKnownFileType = image.png; path = "Icon-Small@2x.png"; sourceTree = "<group>"; };
		D702AFAE1DF766BD00874357 /* Icon-Small@3x.png */ = {isa = PBXFileReference; lastKnownFileType = image.png; path = "Icon-Small@3x.png"; sourceTree = "<group>"; };
		D702AFAF1DF766BD00874357 /* Contents.json */ = {isa = PBXFileReference; fileEncoding = 4; lastKnownFileType = text.json; path = Contents.json; sourceTree = "<group>"; };
		D7BC088B1DF7A3D200755E0C /* UdacityConstants.swift */ = {isa = PBXFileReference; fileEncoding = 4; lastKnownFileType = sourcecode.swift; path = UdacityConstants.swift; sourceTree = "<group>"; };
		D7BC088D1DF7A4F600755E0C /* UdacityClient.swift */ = {isa = PBXFileReference; fileEncoding = 4; lastKnownFileType = sourcecode.swift; path = UdacityClient.swift; sourceTree = "<group>"; };
		D7EFDBC71E32D77A00073EEC /* LinkPostingViewController.swift */ = {isa = PBXFileReference; fileEncoding = 4; lastKnownFileType = sourcecode.swift; path = LinkPostingViewController.swift; sourceTree = "<group>"; };
		D7FBC69A1E030B1800CE15C0 /* notifyUser.swift */ = {isa = PBXFileReference; fileEncoding = 4; lastKnownFileType = sourcecode.swift; name = notifyUser.swift; path = ../notifyUser.swift; sourceTree = "<group>"; };
		D7FBC69C1E04C3C100CE15C0 /* README.md */ = {isa = PBXFileReference; fileEncoding = 4; lastKnownFileType = net.daringfireball.markdown; path = README.md; sourceTree = "<group>"; };
		D7FBC69E1E148C9D00CE15C0 /* InformationViewController.swift */ = {isa = PBXFileReference; fileEncoding = 4; lastKnownFileType = sourcecode.swift; path = InformationViewController.swift; sourceTree = "<group>"; };
/* End PBXFileReference section */

/* Begin PBXFrameworksBuildPhase section */
		D702AF7B1DF5EACE00874357 /* Frameworks */ = {
			isa = PBXFrameworksBuildPhase;
			buildActionMask = 2147483647;
			files = (
			);
			runOnlyForDeploymentPostprocessing = 0;
		};
/* End PBXFrameworksBuildPhase section */

/* Begin PBXGroup section */
		D702AF751DF5EACE00874357 = {
			isa = PBXGroup;
			children = (
				D7FBC69C1E04C3C100CE15C0 /* README.md */,
				D702AF801DF5EACE00874357 /* OnTheMap */,
				D702AF7F1DF5EACE00874357 /* Products */,
			);
			sourceTree = "<group>";
		};
		D702AF7F1DF5EACE00874357 /* Products */ = {
			isa = PBXGroup;
			children = (
				D702AF7E1DF5EACE00874357 /* OnTheMap.app */,
			);
			name = Products;
			sourceTree = "<group>";
		};
		D702AF801DF5EACE00874357 /* OnTheMap */ = {
			isa = PBXGroup;
			children = (
				D702AF811DF5EACE00874357 /* AppDelegate.swift */,
				D7FBC69A1E030B1800CE15C0 /* notifyUser.swift */,
				D702AF951DF5ECD400874357 /* Model */,
				D702AF991DF5ED5000874357 /* View */,
				D702AF9A1DF5ED6200874357 /* Controller */,
				D702AF8F1DF5EACE00874357 /* Info.plist */,
				D702AF9B1DF5ED9A00874357 /* Assets */,
			);
			path = OnTheMap;
			sourceTree = "<group>";
		};
		D702AF951DF5ECD400874357 /* Model */ = {
			isa = PBXGroup;
			children = (
				D702AF961DF5ECFD00874357 /* Clients */,
			);
			name = Model;
			sourceTree = "<group>";
		};
		D702AF961DF5ECFD00874357 /* Clients */ = {
			isa = PBXGroup;
			children = (
				D702AF981DF5ED3600874357 /* Udacity */,
				D702AF971DF5ED0800874357 /* Parse */,
			);
			name = Clients;
			sourceTree = "<group>";
		};
		D702AF971DF5ED0800874357 /* Parse */ = {
			isa = PBXGroup;
			children = (
				D702AF9C1DF730C400874357 /* ParseConstants.swift */,
				D702AF9E1DF7312F00874357 /* ParseClient.swift */,
				D702AFA01DF73D4700874357 /* StudentInformation.swift */,
			);
			name = Parse;
			sourceTree = "<group>";
		};
		D702AF981DF5ED3600874357 /* Udacity */ = {
			isa = PBXGroup;
			children = (
				D7BC088B1DF7A3D200755E0C /* UdacityConstants.swift */,
				D7BC088D1DF7A4F600755E0C /* UdacityClient.swift */,
			);
			name = Udacity;
			sourceTree = "<group>";
		};
		D702AF991DF5ED5000874357 /* View */ = {
			isa = PBXGroup;
			children = (
			);
			name = View;
			sourceTree = "<group>";
		};
		D702AF9A1DF5ED6200874357 /* Controller */ = {
			isa = PBXGroup;
			children = (
				D702AF831DF5EACE00874357 /* MapViewController.swift */,
				D702AF851DF5EACE00874357 /* ListViewController.swift */,
				D702AFA21DF75A2000874357 /* LoginViewController.swift */,
				D7FBC69E1E148C9D00CE15C0 /* InformationViewController.swift */,
				D7EFDBC71E32D77A00073EEC /* LinkPostingViewController.swift */,
			);
			name = Controller;
			sourceTree = "<group>";
		};
		D702AF9B1DF5ED9A00874357 /* Assets */ = {
			isa = PBXGroup;
			children = (
				D702AF8C1DF5EACE00874357 /* LaunchScreen.storyboard */,
				D702AF871DF5EACE00874357 /* Main.storyboard */,
				D702AF8A1DF5EACE00874357 /* Assets.xcassets */,
				D702AFA41DF766BD00874357 /* Icon-40.png */,
				D702AFA51DF766BD00874357 /* Icon-40@2x.png */,
				D702AFA61DF766BD00874357 /* Icon-40@3x.png */,
				D702AFA71DF766BD00874357 /* Icon-60@2x.png */,
				D702AFA81DF766BD00874357 /* Icon-60@3x.png */,
				D702AFA91DF766BD00874357 /* Icon-76.png */,
				D702AFAA1DF766BD00874357 /* Icon-76@2x.png */,
				D702AFAB1DF766BD00874357 /* Icon-83.5@2x.png */,
				D702AFAC1DF766BD00874357 /* Icon-Small.png */,
				D702AFAD1DF766BD00874357 /* Icon-Small@2x.png */,
				D702AFAE1DF766BD00874357 /* Icon-Small@3x.png */,
				D702AFAF1DF766BD00874357 /* Contents.json */,
			);
			name = Assets;
			sourceTree = "<group>";
		};
/* End PBXGroup section */

/* Begin PBXNativeTarget section */
		D702AF7D1DF5EACE00874357 /* OnTheMap */ = {
			isa = PBXNativeTarget;
			buildConfigurationList = D702AF921DF5EACE00874357 /* Build configuration list for PBXNativeTarget "OnTheMap" */;
			buildPhases = (
				D702AF7A1DF5EACE00874357 /* Sources */,
				D702AF7B1DF5EACE00874357 /* Frameworks */,
				D702AF7C1DF5EACE00874357 /* Resources */,
			);
			buildRules = (
			);
			dependencies = (
			);
			name = OnTheMap;
			productName = OnTheMap;
			productReference = D702AF7E1DF5EACE00874357 /* OnTheMap.app */;
			productType = "com.apple.product-type.application";
		};
/* End PBXNativeTarget section */

/* Begin PBXProject section */
		D702AF761DF5EACE00874357 /* Project object */ = {
			isa = PBXProject;
			attributes = {
				LastSwiftUpdateCheck = 0810;
				LastUpgradeCheck = 0810;
				ORGANIZATIONNAME = "Lisa Litchfield";
				TargetAttributes = {
					D702AF7D1DF5EACE00874357 = {
						CreatedOnToolsVersion = 8.1;
						DevelopmentTeam = L398NH87L6;
						ProvisioningStyle = Automatic;
					};
				};
			};
			buildConfigurationList = D702AF791DF5EACE00874357 /* Build configuration list for PBXProject "OnTheMap" */;
			compatibilityVersion = "Xcode 3.2";
			developmentRegion = English;
			hasScannedForEncodings = 0;
			knownRegions = (
				en,
				Base,
			);
			mainGroup = D702AF751DF5EACE00874357;
			productRefGroup = D702AF7F1DF5EACE00874357 /* Products */;
			projectDirPath = "";
			projectRoot = "";
			targets = (
				D702AF7D1DF5EACE00874357 /* OnTheMap */,
			);
		};
/* End PBXProject section */

/* Begin PBXResourcesBuildPhase section */
		D702AF7C1DF5EACE00874357 /* Resources */ = {
			isa = PBXResourcesBuildPhase;
			buildActionMask = 2147483647;
			files = (
				D7FBC69D1E04C3C100CE15C0 /* README.md in Resources */,
				D702AFB71DF766BD00874357 /* Icon-83.5@2x.png in Resources */,
				D702AFB41DF766BD00874357 /* Icon-60@3x.png in Resources */,
				D702AFB01DF766BD00874357 /* Icon-40.png in Resources */,
				D702AF8E1DF5EACE00874357 /* LaunchScreen.storyboard in Resources */,
				D702AF8B1DF5EACE00874357 /* Assets.xcassets in Resources */,
				D702AFBB1DF766BD00874357 /* Contents.json in Resources */,
				D702AFB91DF766BD00874357 /* Icon-Small@2x.png in Resources */,
				D702AFB31DF766BD00874357 /* Icon-60@2x.png in Resources */,
				D702AF891DF5EACE00874357 /* Main.storyboard in Resources */,
				D702AFB21DF766BD00874357 /* Icon-40@3x.png in Resources */,
				D702AFB81DF766BD00874357 /* Icon-Small.png in Resources */,
				D702AFB11DF766BD00874357 /* Icon-40@2x.png in Resources */,
				D702AFB61DF766BD00874357 /* Icon-76@2x.png in Resources */,
				D702AFBA1DF766BD00874357 /* Icon-Small@3x.png in Resources */,
				D702AFB51DF766BD00874357 /* Icon-76.png in Resources */,
			);
			runOnlyForDeploymentPostprocessing = 0;
		};
/* End PBXResourcesBuildPhase section */

/* Begin PBXSourcesBuildPhase section */
		D702AF7A1DF5EACE00874357 /* Sources */ = {
			isa = PBXSourcesBuildPhase;
			buildActionMask = 2147483647;
			files = (
				D702AFA31DF75A2000874357 /* LoginViewController.swift in Sources */,
				D7FBC69F1E148C9D00CE15C0 /* InformationViewController.swift in Sources */,
				D7FBC69B1E030B1800CE15C0 /* notifyUser.swift in Sources */,
				D7BC088C1DF7A3D200755E0C /* UdacityConstants.swift in Sources */,
				D702AFA11DF73D4700874357 /* StudentInformation.swift in Sources */,
				D702AF861DF5EACE00874357 /* ListViewController.swift in Sources */,
				D702AF9F1DF7312F00874357 /* ParseClient.swift in Sources */,
				D702AF821DF5EACE00874357 /* AppDelegate.swift in Sources */,
				D702AF841DF5EACE00874357 /* MapViewController.swift in Sources */,
				D702AF9D1DF730C400874357 /* ParseConstants.swift in Sources */,
				D7BC088E1DF7A4F600755E0C /* UdacityClient.swift in Sources */,
				D7EFDBC81E32D77A00073EEC /* LinkPostingViewController.swift in Sources */,
			);
			runOnlyForDeploymentPostprocessing = 0;
		};
/* End PBXSourcesBuildPhase section */

/* Begin PBXVariantGroup section */
		D702AF871DF5EACE00874357 /* Main.storyboard */ = {
			isa = PBXVariantGroup;
			children = (
				D702AF881DF5EACE00874357 /* Base */,
			);
			name = Main.storyboard;
			sourceTree = "<group>";
		};
		D702AF8C1DF5EACE00874357 /* LaunchScreen.storyboard */ = {
			isa = PBXVariantGroup;
			children = (
				D702AF8D1DF5EACE00874357 /* Base */,
			);
			name = LaunchScreen.storyboard;
			sourceTree = "<group>";
		};
/* End PBXVariantGroup section */

/* Begin XCBuildConfiguration section */
		D702AF901DF5EACE00874357 /* Debug */ = {
			isa = XCBuildConfiguration;
			buildSettings = {
				ALWAYS_SEARCH_USER_PATHS = NO;
				CLANG_ANALYZER_NONNULL = YES;
				CLANG_CXX_LANGUAGE_STANDARD = "gnu++0x";
				CLANG_CXX_LIBRARY = "libc++";
				CLANG_ENABLE_MODULES = YES;
				CLANG_ENABLE_OBJC_ARC = YES;
				CLANG_WARN_BOOL_CONVERSION = YES;
				CLANG_WARN_CONSTANT_CONVERSION = YES;
				CLANG_WARN_DIRECT_OBJC_ISA_USAGE = YES_ERROR;
				CLANG_WARN_DOCUMENTATION_COMMENTS = YES;
				CLANG_WARN_EMPTY_BODY = YES;
				CLANG_WARN_ENUM_CONVERSION = YES;
				CLANG_WARN_INFINITE_RECURSION = YES;
				CLANG_WARN_INT_CONVERSION = YES;
				CLANG_WARN_OBJC_ROOT_CLASS = YES_ERROR;
				CLANG_WARN_SUSPICIOUS_MOVES = YES;
				CLANG_WARN_UNREACHABLE_CODE = YES;
				CLANG_WARN__DUPLICATE_METHOD_MATCH = YES;
				"CODE_SIGN_IDENTITY[sdk=iphoneos*]" = "iPhone Developer";
				COPY_PHASE_STRIP = NO;
				DEBUG_INFORMATION_FORMAT = dwarf;
				ENABLE_STRICT_OBJC_MSGSEND = YES;
				ENABLE_TESTABILITY = YES;
				GCC_C_LANGUAGE_STANDARD = gnu99;
				GCC_DYNAMIC_NO_PIC = NO;
				GCC_NO_COMMON_BLOCKS = YES;
				GCC_OPTIMIZATION_LEVEL = 0;
				GCC_PREPROCESSOR_DEFINITIONS = (
					"DEBUG=1",
					"$(inherited)",
				);
				GCC_WARN_64_TO_32_BIT_CONVERSION = YES;
				GCC_WARN_ABOUT_RETURN_TYPE = YES_ERROR;
				GCC_WARN_UNDECLARED_SELECTOR = YES;
				GCC_WARN_UNINITIALIZED_AUTOS = YES_AGGRESSIVE;
				GCC_WARN_UNUSED_FUNCTION = YES;
				GCC_WARN_UNUSED_VARIABLE = YES;
				IPHONEOS_DEPLOYMENT_TARGET = 10.1;
				MTL_ENABLE_DEBUG_INFO = YES;
				ONLY_ACTIVE_ARCH = YES;
				SDKROOT = iphoneos;
				SWIFT_ACTIVE_COMPILATION_CONDITIONS = DEBUG;
				SWIFT_OPTIMIZATION_LEVEL = "-Onone";
				TARGETED_DEVICE_FAMILY = "1,2";
			};
			name = Debug;
		};
		D702AF911DF5EACE00874357 /* Release */ = {
			isa = XCBuildConfiguration;
			buildSettings = {
				ALWAYS_SEARCH_USER_PATHS = NO;
				CLANG_ANALYZER_NONNULL = YES;
				CLANG_CXX_LANGUAGE_STANDARD = "gnu++0x";
				CLANG_CXX_LIBRARY = "libc++";
				CLANG_ENABLE_MODULES = YES;
				CLANG_ENABLE_OBJC_ARC = YES;
				CLANG_WARN_BOOL_CONVERSION = YES;
				CLANG_WARN_CONSTANT_CONVERSION = YES;
				CLANG_WARN_DIRECT_OBJC_ISA_USAGE = YES_ERROR;
				CLANG_WARN_DOCUMENTATION_COMMENTS = YES;
				CLANG_WARN_EMPTY_BODY = YES;
				CLANG_WARN_ENUM_CONVERSION = YES;
				CLANG_WARN_INFINITE_RECURSION = YES;
				CLANG_WARN_INT_CONVERSION = YES;
				CLANG_WARN_OBJC_ROOT_CLASS = YES_ERROR;
				CLANG_WARN_SUSPICIOUS_MOVES = YES;
				CLANG_WARN_UNREACHABLE_CODE = YES;
				CLANG_WARN__DUPLICATE_METHOD_MATCH = YES;
				"CODE_SIGN_IDENTITY[sdk=iphoneos*]" = "iPhone Developer";
				COPY_PHASE_STRIP = NO;
				DEBUG_INFORMATION_FORMAT = "dwarf-with-dsym";
				ENABLE_NS_ASSERTIONS = NO;
				ENABLE_STRICT_OBJC_MSGSEND = YES;
				GCC_C_LANGUAGE_STANDARD = gnu99;
				GCC_NO_COMMON_BLOCKS = YES;
				GCC_WARN_64_TO_32_BIT_CONVERSION = YES;
				GCC_WARN_ABOUT_RETURN_TYPE = YES_ERROR;
				GCC_WARN_UNDECLARED_SELECTOR = YES;
				GCC_WARN_UNINITIALIZED_AUTOS = YES_AGGRESSIVE;
				GCC_WARN_UNUSED_FUNCTION = YES;
				GCC_WARN_UNUSED_VARIABLE = YES;
				IPHONEOS_DEPLOYMENT_TARGET = 10.1;
				MTL_ENABLE_DEBUG_INFO = NO;
				SDKROOT = iphoneos;
				SWIFT_OPTIMIZATION_LEVEL = "-Owholemodule";
				TARGETED_DEVICE_FAMILY = "1,2";
				VALIDATE_PRODUCT = YES;
			};
			name = Release;
		};
		D702AF931DF5EACE00874357 /* Debug */ = {
			isa = XCBuildConfiguration;
			buildSettings = {
				ASSETCATALOG_COMPILER_APPICON_NAME = AppIcon;
				DEVELOPMENT_TEAM = L398NH87L6;
				INFOPLIST_FILE = OnTheMap/Info.plist;
				LD_RUNPATH_SEARCH_PATHS = "$(inherited) @executable_path/Frameworks";
				PRODUCT_BUNDLE_IDENTIFIER = LL.OnTheMap;
				PRODUCT_NAME = "$(TARGET_NAME)";
				SWIFT_VERSION = 3.0;
			};
			name = Debug;
		};
		D702AF941DF5EACE00874357 /* Release */ = {
			isa = XCBuildConfiguration;
			buildSettings = {
				ASSETCATALOG_COMPILER_APPICON_NAME = AppIcon;
				DEVELOPMENT_TEAM = L398NH87L6;
				INFOPLIST_FILE = OnTheMap/Info.plist;
				LD_RUNPATH_SEARCH_PATHS = "$(inherited) @executable_path/Frameworks";
				PRODUCT_BUNDLE_IDENTIFIER = LL.OnTheMap;
				PRODUCT_NAME = "$(TARGET_NAME)";
				SWIFT_VERSION = 3.0;
			};
			name = Release;
		};
/* End XCBuildConfiguration section */

/* Begin XCConfigurationList section */
		D702AF791DF5EACE00874357 /* Build configuration list for PBXProject "OnTheMap" */ = {
			isa = XCConfigurationList;
			buildConfigurations = (
				D702AF901DF5EACE00874357 /* Debug */,
				D702AF911DF5EACE00874357 /* Release */,
			);
			defaultConfigurationIsVisible = 0;
			defaultConfigurationName = Release;
		};
		D702AF921DF5EACE00874357 /* Build configuration list for PBXNativeTarget "OnTheMap" */ = {
			isa = XCConfigurationList;
			buildConfigurations = (
				D702AF931DF5EACE00874357 /* Debug */,
				D702AF941DF5EACE00874357 /* Release */,
			);
			defaultConfigurationIsVisible = 0;
			defaultConfigurationName = Release;
		};
/* End XCConfigurationList section */
	};
	rootObject = D702AF761DF5EACE00874357 /* Project object */;
}
